Microsoft Visual Studio Solution File, Format Version 12.00
# Visual Studio Version 17
VisualStudioVersion = 17.0.31903.59
MinimumVisualStudioVersion = 10.0.40219.1
Project("{FAE04EC0-301F-11D3-BF4B-00C04F79EFBC}") = "ExcelMerge", "ExcelMerge\ExcelMerge.csproj", "{BFF4C33C-7395-4428-8587-AA22062E4A24}"
EndProject
Project("{FAE04EC0-301F-11D3-BF4B-00C04F79EFBC}") = "ExcelMerge.Avalonia", "ExcelMerge.Avalonia\ExcelMerge.Avalonia.csproj", "{65405A93-CE18-4AA6-B44A-02DCE2CD5DD4}"
EndProject
Project("{FAE04EC0-301F-11D3-BF4B-00C04F79EFBC}") = "ExcelMerge.Tests", "ExcelMerge.Tests\ExcelMerge.Tests.csproj", "{65AA314C-7244-4B01-A8CF-FCF11D912543}"
EndProject
Project("{FAE04EC0-301F-11D3-BF4B-00C04F79EFBC}") = "NetDiff", "NetDiff\NetDiff\NetDiff.csproj", "{00A6267D-DDE3-42CC-9C99-9166C334053E}"
EndProject
Project("{FAE04EC0-301F-11D3-BF4B-00C04F79EFBC}") = "NetDiff.Test", "NetDiff\NetDiff.Test\NetDiff.Test.csproj", "{AAFA1775-1F46-4AA5-97D3-DE88D591828D}"
EndProject
Global
	GlobalSection(SolutionConfigurationPlatforms) = preSolution
		Debug|Any CPU = Debug|Any CPU
		Release|Any CPU = Release|Any CPU
	EndGlobalSection
	GlobalSection(ProjectConfigurationPlatforms) = postSolution
		{BFF4C33C-7395-4428-8587-AA22062E4A24}.Debug|Any CPU.ActiveCfg = Debug|Any CPU
		{BFF4C33C-7395-4428-8587-AA22062E4A24}.Debug|Any CPU.Build.0 = Debug|Any CPU
		{BFF4C33C-7395-4428-8587-AA22062E4A24}.Release|Any CPU.ActiveCfg = Release|Any CPU
		{BFF4C33C-7395-4428-8587-AA22062E4A24}.Release|Any CPU.Build.0 = Release|Any CPU
		{65405A93-CE18-4AA6-B44A-02DCE2CD5DD4}.Debug|Any CPU.ActiveCfg = Debug|Any CPU
		{65405A93-CE18-4AA6-B44A-02DCE2CD5DD4}.Debug|Any CPU.Build.0 = Debug|Any CPU
		{65405A93-CE18-4AA6-B44A-02DCE2CD5DD4}.Release|Any CPU.ActiveCfg = Release|Any CPU
		{65405A93-CE18-4AA6-B44A-02DCE2CD5DD4}.Release|Any CPU.Build.0 = Release|Any CPU
		{65AA314C-7244-4B01-A8CF-FCF11D912543}.Debug|Any CPU.ActiveCfg = Debug|Any CPU
		{65AA314C-7244-4B01-A8CF-FCF11D912543}.Debug|Any CPU.Build.0 = Debug|Any CPU
		{65AA314C-7244-4B01-A8CF-FCF11D912543}.Release|Any CPU.ActiveCfg = Release|Any CPU
		{65AA314C-7244-4B01-A8CF-FCF11D912543}.Release|Any CPU.Build.0 = Release|Any CPU
		{00A6267D-DDE3-42CC-9C99-9166C334053E}.Debug|Any CPU.ActiveCfg = Debug|Any CPU
		{00A6267D-DDE3-42CC-9C99-9166C334053E}.Debug|Any CPU.Build.0 = Debug|Any CPU
		{00A6267D-DDE3-42CC-9C99-9166C334053E}.Release|Any CPU.ActiveCfg = Release|Any CPU
		{00A6267D-DDE3-42CC-9C99-9166C334053E}.Release|Any CPU.Build.0 = Release|Any CPU
		{AAFA1775-1F46-4AA5-97D3-DE88D591828D}.Debug|Any CPU.ActiveCfg = Debug|Any CPU
		{AAFA1775-1F46-4AA5-97D3-DE88D591828D}.Debug|Any CPU.Build.0 = Debug|Any CPU
		{AAFA1775-1F46-4AA5-97D3-DE88D591828D}.Release|Any CPU.ActiveCfg = Release|Any CPU
		{AAFA1775-1F46-4AA5-97D3-DE88D591828D}.Release|Any CPU.Build.0 = Release|Any CPU
	EndGlobalSection
	GlobalSection(SolutionProperties) = preSolution
		HideSolutionNode = FALSE
	EndGlobalSection
EndGlobal
